
Microsoft Visual Studio Solution File, Format Version 12.00
# Visual Studio Version 17
VisualStudioVersion = 17.4.33103.184
MinimumVisualStudioVersion = 10.0.40219.1
Project("{FAE04EC0-301F-11D3-BF4B-00C04F79EFBC}") = "Herodual", "Herodual\Herodual.csproj", "{D310D681-B4DA-49F6-9D1A-718ED9AFEA17}"
EndProject
Global
	GlobalSection(SolutionConfigurationPlatforms) = preSolution
		Debug|Any CPU = Debug|Any CPU
		Release|Any CPU = Release|Any CPU
	EndGlobalSection
	GlobalSection(ProjectConfigurationPlatforms) = postSolution
		{D310D681-B4DA-49F6-9D1A-718ED9AFEA17}.Debug|Any CPU.ActiveCfg = Debug|Any CPU
		{D310D681-B4DA-49F6-9D1A-718ED9AFEA17}.Debug|Any CPU.Build.0 = Debug|Any CPU
		{D310D681-B4DA-49F6-9D1A-718ED9AFEA17}.Release|Any CPU.ActiveCfg = Release|Any CPU
		{D310D681-B4DA-49F6-9D1A-718ED9AFEA17}.Release|Any CPU.Build.0 = Release|Any CPU
	EndGlobalSection
	GlobalSection(SolutionProperties) = preSolution
		HideSolutionNode = FALSE
	EndGlobalSection
	GlobalSection(ExtensibilityGlobals) = postSolution
		SolutionGuid = {3AD6BB6D-4BAE-4750-8FC4-2F98DA02451C}
	EndGlobalSection
EndGlobal
